
Microsoft Visual Studio Solution File, Format Version 12.00
# Visual Studio Version 16
VisualStudioVersion = 25.0.1706.7
MinimumVisualStudioVersion = 10.0.40219.1
Project("{FAE04EC0-301F-11D3-BF4B-00C04F79EFBC}") = "HealthCareAB_v1", "HealthCareAB_v1\HealthCareAB_v1.csproj", "{8E8818F3-4CBE-4645-B01B-02A509629796}"
EndProject
Global
	GlobalSection(SolutionConfigurationPlatforms) = preSolution
		Debug|Any CPU = Debug|Any CPU
		Release|Any CPU = Release|Any CPU
	EndGlobalSection
	GlobalSection(ProjectConfigurationPlatforms) = postSolution
		{8E8818F3-4CBE-4645-B01B-02A509629796}.Debug|Any CPU.ActiveCfg = Debug|Any CPU
		{8E8818F3-4CBE-4645-B01B-02A509629796}.Debug|Any CPU.Build.0 = Debug|Any CPU
		{8E8818F3-4CBE-4645-B01B-02A509629796}.Release|Any CPU.ActiveCfg = Release|Any CPU
		{8E8818F3-4CBE-4645-B01B-02A509629796}.Release|Any CPU.Build.0 = Release|Any CPU
	EndGlobalSection
	GlobalSection(SolutionProperties) = preSolution
		HideSolutionNode = FALSE
	EndGlobalSection
	GlobalSection(ExtensibilityGlobals) = postSolution
		SolutionGuid = {98B5464E-0423-4902-81C7-78F30EC5D291}
	EndGlobalSection
EndGlobal
